
Microsoft Visual Studio Solution File, Format Version 12.00
# Visual Studio Version 17
VisualStudioVersion = 17.9.34607.119
MinimumVisualStudioVersion = 10.0.40219.1
Project("{FAE04EC0-301F-11D3-BF4B-00C04F79EFBC}") = "PreventiviScolastici", "PreventiviScolastici.csproj", "{DCBE479B-3F0D-4252-AB3A-611CCC6B13FA}"
EndProject
Global
	GlobalSection(SolutionConfigurationPlatforms) = preSolution
		Debug|Any CPU = Debug|Any CPU
		Release|Any CPU = Release|Any CPU
	EndGlobalSection
	GlobalSection(ProjectConfigurationPlatforms) = postSolution
		{DCBE479B-3F0D-4252-AB3A-611CCC6B13FA}.Debug|Any CPU.ActiveCfg = Debug|Any CPU
		{DCBE479B-3F0D-4252-AB3A-611CCC6B13FA}.Debug|Any CPU.Build.0 = Debug|Any CPU
		{DCBE479B-3F0D-4252-AB3A-611CCC6B13FA}.Release|Any CPU.ActiveCfg = Release|Any CPU
		{DCBE479B-3F0D-4252-AB3A-611CCC6B13FA}.Release|Any CPU.Build.0 = Release|Any CPU
	EndGlobalSection
	GlobalSection(SolutionProperties) = preSolution
		HideSolutionNode = FALSE
	EndGlobalSection
	GlobalSection(ExtensibilityGlobals) = postSolution
		SolutionGuid = {96C94CCC-86C8-433A-9A3B-08DE8C229481}
	EndGlobalSection
EndGlobal
